{
  "nodes": {
    "gitignore": {
      "inputs": {
        "nixpkgs": [
          "nixpkgs"
        ]
      },
      "locked": {
        "lastModified": 1709087332,
        "narHash": "sha256-HG2cCnktfHsKV0s4XW83gU3F57gaTljL9KNSuG6bnQs=",
        "owner": "hercules-ci",
        "repo": "gitignore.nix",
        "rev": "637db329424fd7e46cf4185293b9cc8c88c95394",
        "type": "github"
      },
      "original": {
        "owner": "hercules-ci",
        "repo": "gitignore.nix",
        "type": "github"
      }
    },
    "nixpkgs": {
      "locked": {
        "lastModified": 1728193676,
        "narHash": "sha256-PbDWAIjKJdlVg+qQRhzdSor04bAPApDqIv2DofTyynk=",
        "owner": "NixOS",
        "repo": "nixpkgs",
        "rev": "ecbc1ca8ffd6aea8372ad16be9ebbb39889e55b6",
        "type": "github"
      },
      "original": {
        "owner": "NixOS",
        "ref": "nixos-24.05",
        "repo": "nixpkgs",
        "type": "github"
      }
    },
    "root": {
      "inputs": {
        "gitignore": "gitignore",
        "nixpkgs": "nixpkgs",
        "rust-overlay": "rust-overlay"
      }
    },
    "rust-overlay": {
      "inputs": {
        "nixpkgs": [
          "nixpkgs"
        ]
      },
      "locked": {
        "lastModified": 1728354625,
        "narHash": "sha256-r+Sa1NRRT7LXKzCaVaq75l1GdZcegODtF06uaxVVVbI=",
        "owner": "oxalica",
        "repo": "rust-overlay",
        "rev": "d216ade5a0091ce60076bf1f8bc816433a1fc5da",
        "type": "github"
      },
      "original": {
        "owner": "oxalica",
        "repo": "rust-overlay",
        "type": "github"
      }
    }
  },
  "root": "root",
  "version": 7
}
